
Microsoft Visual Studio Solution File, Format Version 12.00
# Visual Studio Version 16
VisualStudioVersion = 16.0.32002.261
MinimumVisualStudioVersion = 10.0.40219.1
Project("{FAE04EC0-301F-11D3-BF4B-00C04F79EFBC}") = "Logical-Problems", "Logical-Problems\Logical-Problems.csproj", "{3981286D-877B-48DE-924C-E90EC42E819D}"
EndProject
Global
	GlobalSection(SolutionConfigurationPlatforms) = preSolution
		Debug|Any CPU = Debug|Any CPU
		Release|Any CPU = Release|Any CPU
	EndGlobalSection
	GlobalSection(ProjectConfigurationPlatforms) = postSolution
		{3981286D-877B-48DE-924C-E90EC42E819D}.Debug|Any CPU.ActiveCfg = Debug|Any CPU
		{3981286D-877B-48DE-924C-E90EC42E819D}.Debug|Any CPU.Build.0 = Debug|Any CPU
		{3981286D-877B-48DE-924C-E90EC42E819D}.Release|Any CPU.ActiveCfg = Release|Any CPU
		{3981286D-877B-48DE-924C-E90EC42E819D}.Release|Any CPU.Build.0 = Release|Any CPU
	EndGlobalSection
	GlobalSection(SolutionProperties) = preSolution
		HideSolutionNode = FALSE
	EndGlobalSection
	GlobalSection(ExtensibilityGlobals) = postSolution
		SolutionGuid = {962A8B60-9490-4196-A8B8-B1B04DC297F6}
	EndGlobalSection
EndGlobal
